
Microsoft Visual Studio Solution File, Format Version 12.00
# Visual Studio 15
VisualStudioVersion = 15.0.28307.168
MinimumVisualStudioVersion = 10.0.40219.1
Project("{FAE04EC0-301F-11D3-BF4B-00C04F79EFBC}") = "TelegramBot_Console", "TelegramBot_Console\TelegramBot_Console.csproj", "{5BB975F0-DFD8-45E0-B922-DE9D8531FD20}"
EndProject
Global
	GlobalSection(SolutionConfigurationPlatforms) = preSolution
		Debug|Any CPU = Debug|Any CPU
		Release|Any CPU = Release|Any CPU
	EndGlobalSection
	GlobalSection(ProjectConfigurationPlatforms) = postSolution
		{5BB975F0-DFD8-45E0-B922-DE9D8531FD20}.Debug|Any CPU.ActiveCfg = Debug|Any CPU
		{5BB975F0-DFD8-45E0-B922-DE9D8531FD20}.Debug|Any CPU.Build.0 = Debug|Any CPU
		{5BB975F0-DFD8-45E0-B922-DE9D8531FD20}.Release|Any CPU.ActiveCfg = Release|Any CPU
		{5BB975F0-DFD8-45E0-B922-DE9D8531FD20}.Release|Any CPU.Build.0 = Release|Any CPU
	EndGlobalSection
	GlobalSection(SolutionProperties) = preSolution
		HideSolutionNode = FALSE
	EndGlobalSection
	GlobalSection(ExtensibilityGlobals) = postSolution
		SolutionGuid = {FD5268D8-CADA-441B-BBE9-D69D479E4FBD}
	EndGlobalSection
EndGlobal
